
Microsoft Visual Studio Solution File, Format Version 12.00
# Visual Studio Version 17
VisualStudioVersion = 17.14.36119.2
MinimumVisualStudioVersion = 10.0.40219.1
Project("{FAE04EC0-301F-11D3-BF4B-00C04F79EFBC}") = "API.Validator", "API.Validator.csproj", "{57D8AD8D-CACD-4548-B8F6-9F82C32942B4}"
EndProject
Project("{FAE04EC0-301F-11D3-BF4B-00C04F79EFBC}") = "API.Models", "..\API.Models\API.Models.csproj", "{E950655D-A9C2-4D33-9495-C5B9CDE1D3EB}"
EndProject
Project("{FAE04EC0-301F-11D3-BF4B-00C04F79EFBC}") = "API.DAL", "..\API.DAL\API.DAL.csproj", "{1D5DA1FB-3FCA-47C4-A342-7A904D4C1FD4}"
EndProject
Project("{FAE04EC0-301F-11D3-BF4B-00C04F79EFBC}") = "API.Criptografia", "..\API.Criptografia\API.Criptografia.csproj", "{BA68F9CD-1C3C-4A87-ABFC-ADA8E38A8E88}"
EndProject
Project("{FAE04EC0-301F-11D3-BF4B-00C04F79EFBC}") = "API.TesteAutomatizado", "..\API.TesteAutomatizado\API.TesteAutomatizado.csproj", "{BB4A7242-656A-4816-84B9-B1604483A74C}"
EndProject
Project("{FAE04EC0-301F-11D3-BF4B-00C04F79EFBC}") = "API.Services", "..\API.Services\API.Services.csproj", "{A12F439D-07CD-4A8B-BBE6-185F0D805B61}"
EndProject
Global
	GlobalSection(SolutionConfigurationPlatforms) = preSolution
		Debug|Any CPU = Debug|Any CPU
		Release|Any CPU = Release|Any CPU
	EndGlobalSection
	GlobalSection(ProjectConfigurationPlatforms) = postSolution
		{57D8AD8D-CACD-4548-B8F6-9F82C32942B4}.Debug|Any CPU.ActiveCfg = Debug|Any CPU
		{57D8AD8D-CACD-4548-B8F6-9F82C32942B4}.Debug|Any CPU.Build.0 = Debug|Any CPU
		{57D8AD8D-CACD-4548-B8F6-9F82C32942B4}.Release|Any CPU.ActiveCfg = Release|Any CPU
		{57D8AD8D-CACD-4548-B8F6-9F82C32942B4}.Release|Any CPU.Build.0 = Release|Any CPU
		{E950655D-A9C2-4D33-9495-C5B9CDE1D3EB}.Debug|Any CPU.ActiveCfg = Debug|Any CPU
		{E950655D-A9C2-4D33-9495-C5B9CDE1D3EB}.Debug|Any CPU.Build.0 = Debug|Any CPU
		{E950655D-A9C2-4D33-9495-C5B9CDE1D3EB}.Release|Any CPU.ActiveCfg = Release|Any CPU
		{E950655D-A9C2-4D33-9495-C5B9CDE1D3EB}.Release|Any CPU.Build.0 = Release|Any CPU
		{1D5DA1FB-3FCA-47C4-A342-7A904D4C1FD4}.Debug|Any CPU.ActiveCfg = Debug|Any CPU
		{1D5DA1FB-3FCA-47C4-A342-7A904D4C1FD4}.Debug|Any CPU.Build.0 = Debug|Any CPU
		{1D5DA1FB-3FCA-47C4-A342-7A904D4C1FD4}.Release|Any CPU.ActiveCfg = Release|Any CPU
		{1D5DA1FB-3FCA-47C4-A342-7A904D4C1FD4}.Release|Any CPU.Build.0 = Release|Any CPU
		{BA68F9CD-1C3C-4A87-ABFC-ADA8E38A8E88}.Debug|Any CPU.ActiveCfg = Debug|Any CPU
		{BA68F9CD-1C3C-4A87-ABFC-ADA8E38A8E88}.Debug|Any CPU.Build.0 = Debug|Any CPU
		{BA68F9CD-1C3C-4A87-ABFC-ADA8E38A8E88}.Release|Any CPU.ActiveCfg = Release|Any CPU
		{BA68F9CD-1C3C-4A87-ABFC-ADA8E38A8E88}.Release|Any CPU.Build.0 = Release|Any CPU
		{BB4A7242-656A-4816-84B9-B1604483A74C}.Debug|Any CPU.ActiveCfg = Debug|Any CPU
		{BB4A7242-656A-4816-84B9-B1604483A74C}.Debug|Any CPU.Build.0 = Debug|Any CPU
		{BB4A7242-656A-4816-84B9-B1604483A74C}.Release|Any CPU.ActiveCfg = Release|Any CPU
		{BB4A7242-656A-4816-84B9-B1604483A74C}.Release|Any CPU.Build.0 = Release|Any CPU
		{A12F439D-07CD-4A8B-BBE6-185F0D805B61}.Debug|Any CPU.ActiveCfg = Debug|Any CPU
		{A12F439D-07CD-4A8B-BBE6-185F0D805B61}.Debug|Any CPU.Build.0 = Debug|Any CPU
		{A12F439D-07CD-4A8B-BBE6-185F0D805B61}.Release|Any CPU.ActiveCfg = Release|Any CPU
		{A12F439D-07CD-4A8B-BBE6-185F0D805B61}.Release|Any CPU.Build.0 = Release|Any CPU
	EndGlobalSection
	GlobalSection(SolutionProperties) = preSolution
		HideSolutionNode = FALSE
	EndGlobalSection
	GlobalSection(ExtensibilityGlobals) = postSolution
		SolutionGuid = {D73A5023-1B0A-4A12-B624-1AA4CB94EDF5}
	EndGlobalSection
EndGlobal
